// !$*UTF8*$!
{
	archiveVersion = 1;
	classes = {
	};
	objectVersion = 46;
	objects = {

/* Begin PBXBuildFile section */
		1A205B031D16BEFE00887971 /* AppDelegate.swift in Sources */ = {isa = PBXBuildFile; fileRef = 1A205B021D16BEFE00887971 /* AppDelegate.swift */; };
		1A205B051D16BEFE00887971 /* MasterViewController.swift in Sources */ = {isa = PBXBuildFile; fileRef = 1A205B041D16BEFE00887971 /* MasterViewController.swift */; };
		1A205B071D16BEFE00887971 /* DetailViewController.swift in Sources */ = {isa = PBXBuildFile; fileRef = 1A205B061D16BEFE00887971 /* DetailViewController.swift */; };
		1A205B0A1D16BEFE00887971 /* Main.storyboard in Resources */ = {isa = PBXBuildFile; fileRef = 1A205B081D16BEFE00887971 /* Main.storyboard */; };
		1A205B0C1D16BEFE00887971 /* Assets.xcassets in Resources */ = {isa = PBXBuildFile; fileRef = 1A205B0B1D16BEFE00887971 /* Assets.xcassets */; };
		1A205B0F1D16BEFE00887971 /* LaunchScreen.storyboard in Resources */ = {isa = PBXBuildFile; fileRef = 1A205B0D1D16BEFE00887971 /* LaunchScreen.storyboard */; };
		1A205B181D16C3FF00887971 /* CityWeather.swift in Sources */ = {isa = PBXBuildFile; fileRef = 1A205B171D16C3FF00887971 /* CityWeather.swift */; };
		1A205B1A1D16C41800887971 /* DailyWeather.swift in Sources */ = {isa = PBXBuildFile; fileRef = 1A205B191D16C41800887971 /* DailyWeather.swift */; };
		1A205B1C1D16C42C00887971 /* WeatherData.swift in Sources */ = {isa = PBXBuildFile; fileRef = 1A205B1B1D16C42C00887971 /* WeatherData.swift */; };
		1A205B1E1D16C43E00887971 /* WeatherStatus.swift in Sources */ = {isa = PBXBuildFile; fileRef = 1A205B1D1D16C43E00887971 /* WeatherStatus.swift */; };
		1A205B201D16C44C00887971 /* WeatherData.plist in Resources */ = {isa = PBXBuildFile; fileRef = 1A205B1F1D16C44C00887971 /* WeatherData.plist */; };
/* End PBXBuildFile section */

/* Begin PBXFileReference section */
		1A205AFF1D16BEFE00887971 /* WorldWeather.app */ = {isa = PBXFileReference; explicitFileType = wrapper.application; includeInIndex = 0; path = WorldWeather.app; sourceTree = BUILT_PRODUCTS_DIR; };
		1A205B021D16BEFE00887971 /* AppDelegate.swift */ = {isa = PBXFileReference; lastKnownFileType = sourcecode.swift; path = AppDelegate.swift; sourceTree = "<group>"; };
		1A205B041D16BEFE00887971 /* MasterViewController.swift */ = {isa = PBXFileReference; lastKnownFileType = sourcecode.swift; path = MasterViewController.swift; sourceTree = "<group>"; };
		1A205B061D16BEFE00887971 /* DetailViewController.swift */ = {isa = PBXFileReference; lastKnownFileType = sourcecode.swift; path = DetailViewController.swift; sourceTree = "<group>"; };
		1A205B091D16BEFE00887971 /* Base */ = {isa = PBXFileReference; lastKnownFileType = file.storyboard; name = Base; path = Base.lproj/Main.storyboard; sourceTree = "<group>"; };
		1A205B0B1D16BEFE00887971 /* Assets.xcassets */ = {isa = PBXFileReference; lastKnownFileType = folder.assetcatalog; path = Assets.xcassets; sourceTree = "<group>"; };
		1A205B0E1D16BEFE00887971 /* Base */ = {isa = PBXFileReference; lastKnownFileType = file.storyboard; name = Base; path = Base.lproj/LaunchScreen.storyboard; sourceTree = "<group>"; };
		1A205B101D16BEFE00887971 /* Info.plist */ = {isa = PBXFileReference; lastKnownFileType = text.plist.xml; path = Info.plist; sourceTree = "<group>"; };
		1A205B171D16C3FF00887971 /* CityWeather.swift */ = {isa = PBXFileReference; fileEncoding = 4; lastKnownFileType = sourcecode.swift; path = CityWeather.swift; sourceTree = "<group>"; };
		1A205B191D16C41800887971 /* DailyWeather.swift */ = {isa = PBXFileReference; fileEncoding = 4; lastKnownFileType = sourcecode.swift; path = DailyWeather.swift; sourceTree = "<group>"; };
		1A205B1B1D16C42C00887971 /* WeatherData.swift */ = {isa = PBXFileReference; fileEncoding = 4; lastKnownFileType = sourcecode.swift; path = WeatherData.swift; sourceTree = "<group>"; };
		1A205B1D1D16C43E00887971 /* WeatherStatus.swift */ = {isa = PBXFileReference; fileEncoding = 4; lastKnownFileType = sourcecode.swift; path = WeatherStatus.swift; sourceTree = "<group>"; };
		1A205B1F1D16C44C00887971 /* WeatherData.plist */ = {isa = PBXFileReference; fileEncoding = 4; lastKnownFileType = text.plist.xml; path = WeatherData.plist; sourceTree = "<group>"; };
/* End PBXFileReference section */

/* Begin PBXFrameworksBuildPhase section */
		1A205AFC1D16BEFE00887971 /* Frameworks */ = {
			isa = PBXFrameworksBuildPhase;
			buildActionMask = 2147483647;
			files = (
			);
			runOnlyForDeploymentPostprocessing = 0;
		};
/* End PBXFrameworksBuildPhase section */

/* Begin PBXGroup section */
		1A205AF61D16BEFD00887971 = {
			isa = PBXGroup;
			children = (
				1A205B011D16BEFE00887971 /* WorldWeather */,
				1A205B001D16BEFE00887971 /* Products */,
			);
			sourceTree = "<group>";
		};
		1A205B001D16BEFE00887971 /* Products */ = {
			isa = PBXGroup;
			children = (
				1A205AFF1D16BEFE00887971 /* WorldWeather.app */,
			);
			name = Products;
			sourceTree = "<group>";
		};
		1A205B011D16BEFE00887971 /* WorldWeather */ = {
			isa = PBXGroup;
			children = (
				1A205B161D16C3DB00887971 /* DataLayer */,
				1A205B021D16BEFE00887971 /* AppDelegate.swift */,
				1A205B041D16BEFE00887971 /* MasterViewController.swift */,
				1A205B061D16BEFE00887971 /* DetailViewController.swift */,
				1A205B081D16BEFE00887971 /* Main.storyboard */,
				1A205B0B1D16BEFE00887971 /* Assets.xcassets */,
				1A205B0D1D16BEFE00887971 /* LaunchScreen.storyboard */,
				1A205B101D16BEFE00887971 /* Info.plist */,
			);
			path = WorldWeather;
			sourceTree = "<group>";
		};
		1A205B161D16C3DB00887971 /* DataLayer */ = {
			isa = PBXGroup;
			children = (
				1A205B171D16C3FF00887971 /* CityWeather.swift */,
				1A205B191D16C41800887971 /* DailyWeather.swift */,
				1A205B1F1D16C44C00887971 /* WeatherData.plist */,
				1A205B1B1D16C42C00887971 /* WeatherData.swift */,
				1A205B1D1D16C43E00887971 /* WeatherStatus.swift */,
			);
			name = DataLayer;
			sourceTree = "<group>";
		};
/* End PBXGroup section */

/* Begin PBXNativeTarget section */
		1A205AFE1D16BEFE00887971 /* WorldWeather */ = {
			isa = PBXNativeTarget;
			buildConfigurationList = 1A205B131D16BEFE00887971 /* Build configuration list for PBXNativeTarget "WorldWeather" */;
			buildPhases = (
				1A205AFB1D16BEFE00887971 /* Sources */,
				1A205AFC1D16BEFE00887971 /* Frameworks */,
				1A205AFD1D16BEFE00887971 /* Resources */,
			);
			buildRules = (
			);
			dependencies = (
			);
			name = WorldWeather;
			productName = WorldWeather;
			productReference = 1A205AFF1D16BEFE00887971 /* WorldWeather.app */;
			productType = "com.apple.product-type.application";
		};
/* End PBXNativeTarget section */

/* Begin PBXProject section */
		1A205AF71D16BEFD00887971 /* Project object */ = {
			isa = PBXProject;
			attributes = {
				LastSwiftUpdateCheck = 0730;
				LastUpgradeCheck = 0730;
				ORGANIZATIONNAME = ZhangBo;
				TargetAttributes = {
					1A205AFE1D16BEFE00887971 = {
						CreatedOnToolsVersion = 7.3;
					};
				};
			};
			buildConfigurationList = 1A205AFA1D16BEFD00887971 /* Build configuration list for PBXProject "WorldWeather" */;
			compatibilityVersion = "Xcode 3.2";
			developmentRegion = English;
			hasScannedForEncodings = 0;
			knownRegions = (
				en,
				Base,
			);
			mainGroup = 1A205AF61D16BEFD00887971;
			productRefGroup = 1A205B001D16BEFE00887971 /* Products */;
			projectDirPath = "";
			projectRoot = "";
			targets = (
				1A205AFE1D16BEFE00887971 /* WorldWeather */,
			);
		};
/* End PBXProject section */

/* Begin PBXResourcesBuildPhase section */
		1A205AFD1D16BEFE00887971 /* Resources */ = {
			isa = PBXResourcesBuildPhase;
			buildActionMask = 2147483647;
			files = (
				1A205B0F1D16BEFE00887971 /* LaunchScreen.storyboard in Resources */,
				1A205B201D16C44C00887971 /* WeatherData.plist in Resources */,
				1A205B0C1D16BEFE00887971 /* Assets.xcassets in Resources */,
				1A205B0A1D16BEFE00887971 /* Main.storyboard in Resources */,
			);
			runOnlyForDeploymentPostprocessing = 0;
		};
/* End PBXResourcesBuildPhase section */

/* Begin PBXSourcesBuildPhase section */
		1A205AFB1D16BEFE00887971 /* Sources */ = {
			isa = PBXSourcesBuildPhase;
			buildActionMask = 2147483647;
			files = (
				1A205B1A1D16C41800887971 /* DailyWeather.swift in Sources */,
				1A205B071D16BEFE00887971 /* DetailViewController.swift in Sources */,
				1A205B181D16C3FF00887971 /* CityWeather.swift in Sources */,
				1A205B051D16BEFE00887971 /* MasterViewController.swift in Sources */,
				1A205B1E1D16C43E00887971 /* WeatherStatus.swift in Sources */,
				1A205B1C1D16C42C00887971 /* WeatherData.swift in Sources */,
				1A205B031D16BEFE00887971 /* AppDelegate.swift in Sources */,
			);
			runOnlyForDeploymentPostprocessing = 0;
		};
/* End PBXSourcesBuildPhase section */

/* Begin PBXVariantGroup section */
		1A205B081D16BEFE00887971 /* Main.storyboard */ = {
			isa = PBXVariantGroup;
			children = (
				1A205B091D16BEFE00887971 /* Base */,
			);
			name = Main.storyboard;
			sourceTree = "<group>";
		};
		1A205B0D1D16BEFE00887971 /* LaunchScreen.storyboard */ = {
			isa = PBXVariantGroup;
			children = (
				1A205B0E1D16BEFE00887971 /* Base */,
			);
			name = LaunchScreen.storyboard;
			sourceTree = "<group>";
		};
/* End PBXVariantGroup section */

/* Begin XCBuildConfiguration section */
		1A205B111D16BEFE00887971 /* Debug */ = {
			isa = XCBuildConfiguration;
			buildSettings = {
				ALWAYS_SEARCH_USER_PATHS = NO;
				CLANG_ANALYZER_NONNULL = YES;
				CLANG_CXX_LANGUAGE_STANDARD = "gnu++0x";
				CLANG_CXX_LIBRARY = "libc++";
				CLANG_ENABLE_MODULES = YES;
				CLANG_ENABLE_OBJC_ARC = YES;
				CLANG_WARN_BOOL_CONVERSION = YES;
				CLANG_WARN_CONSTANT_CONVERSION = YES;
				CLANG_WARN_DIRECT_OBJC_ISA_USAGE = YES_ERROR;
				CLANG_WARN_EMPTY_BODY = YES;
				CLANG_WARN_ENUM_CONVERSION = YES;
				CLANG_WARN_INT_CONVERSION = YES;
				CLANG_WARN_OBJC_ROOT_CLASS = YES_ERROR;
				CLANG_WARN_UNREACHABLE_CODE = YES;
				CLANG_WARN__DUPLICATE_METHOD_MATCH = YES;
				"CODE_SIGN_IDENTITY[sdk=iphoneos*]" = "iPhone Developer";
				COPY_PHASE_STRIP = NO;
				DEBUG_INFORMATION_FORMAT = dwarf;
				ENABLE_STRICT_OBJC_MSGSEND = YES;
				ENABLE_TESTABILITY = YES;
				GCC_C_LANGUAGE_STANDARD = gnu99;
				GCC_DYNAMIC_NO_PIC = NO;
				GCC_NO_COMMON_BLOCKS = YES;
				GCC_OPTIMIZATION_LEVEL = 0;
				GCC_PREPROCESSOR_DEFINITIONS = (
					"DEBUG=1",
					"$(inherited)",
				);
				GCC_WARN_64_TO_32_BIT_CONVERSION = YES;
				GCC_WARN_ABOUT_RETURN_TYPE = YES_ERROR;
				GCC_WARN_UNDECLARED_SELECTOR = YES;
				GCC_WARN_UNINITIALIZED_AUTOS = YES_AGGRESSIVE;
				GCC_WARN_UNUSED_FUNCTION = YES;
				GCC_WARN_UNUSED_VARIABLE = YES;
				IPHONEOS_DEPLOYMENT_TARGET = 9.3;
				MTL_ENABLE_DEBUG_INFO = YES;
				ONLY_ACTIVE_ARCH = YES;
				SDKROOT = iphoneos;
				SWIFT_OPTIMIZATION_LEVEL = "-Onone";
			};
			name = Debug;
		};
		1A205B121D16BEFE00887971 /* Release */ = {
			isa = XCBuildConfiguration;
			buildSettings = {
				ALWAYS_SEARCH_USER_PATHS = NO;
				CLANG_ANALYZER_NONNULL = YES;
				CLANG_CXX_LANGUAGE_STANDARD = "gnu++0x";
				CLANG_CXX_LIBRARY = "libc++";
				CLANG_ENABLE_MODULES = YES;
				CLANG_ENABLE_OBJC_ARC = YES;
				CLANG_WARN_BOOL_CONVERSION = YES;
				CLANG_WARN_CONSTANT_CONVERSION = YES;
				CLANG_WARN_DIRECT_OBJC_ISA_USAGE = YES_ERROR;
				CLANG_WARN_EMPTY_BODY = YES;
				CLANG_WARN_ENUM_CONVERSION = YES;
				CLANG_WARN_INT_CONVERSION = YES;
				CLANG_WARN_OBJC_ROOT_CLASS = YES_ERROR;
				CLANG_WARN_UNREACHABLE_CODE = YES;
				CLANG_WARN__DUPLICATE_METHOD_MATCH = YES;
				"CODE_SIGN_IDENTITY[sdk=iphoneos*]" = "iPhone Developer";
				COPY_PHASE_STRIP = NO;
				DEBUG_INFORMATION_FORMAT = "dwarf-with-dsym";
				ENABLE_NS_ASSERTIONS = NO;
				ENABLE_STRICT_OBJC_MSGSEND = YES;
				GCC_C_LANGUAGE_STANDARD = gnu99;
				GCC_NO_COMMON_BLOCKS = YES;
				GCC_WARN_64_TO_32_BIT_CONVERSION = YES;
				GCC_WARN_ABOUT_RETURN_TYPE = YES_ERROR;
				GCC_WARN_UNDECLARED_SELECTOR = YES;
				GCC_WARN_UNINITIALIZED_AUTOS = YES_AGGRESSIVE;
				GCC_WARN_UNUSED_FUNCTION = YES;
				GCC_WARN_UNUSED_VARIABLE = YES;
				IPHONEOS_DEPLOYMENT_TARGET = 9.3;
				MTL_ENABLE_DEBUG_INFO = NO;
				SDKROOT = iphoneos;
				VALIDATE_PRODUCT = YES;
			};
			name = Release;
		};
		1A205B141D16BEFE00887971 /* Debug */ = {
			isa = XCBuildConfiguration;
			buildSettings = {
				ASSETCATALOG_COMPILER_APPICON_NAME = AppIcon;
				INFOPLIST_FILE = WorldWeather/Info.plist;
				LD_RUNPATH_SEARCH_PATHS = "$(inherited) @executable_path/Frameworks";
				PRODUCT_BUNDLE_IDENTIFIER = com.wingsmm.WorldWeather;
				PRODUCT_NAME = "$(TARGET_NAME)";
			};
			name = Debug;
		};
		1A205B151D16BEFE00887971 /* Release */ = {
			isa = XCBuildConfiguration;
			buildSettings = {
				ASSETCATALOG_COMPILER_APPICON_NAME = AppIcon;
				INFOPLIST_FILE = WorldWeather/Info.plist;
				LD_RUNPATH_SEARCH_PATHS = "$(inherited) @executable_path/Frameworks";
				PRODUCT_BUNDLE_IDENTIFIER = com.wingsmm.WorldWeather;
				PRODUCT_NAME = "$(TARGET_NAME)";
			};
			name = Release;
		};
/* End XCBuildConfiguration section */

/* Begin XCConfigurationList section */
		1A205AFA1D16BEFD00887971 /* Build configuration list for PBXProject "WorldWeather" */ = {
			isa = XCConfigurationList;
			buildConfigurations = (
				1A205B111D16BEFE00887971 /* Debug */,
				1A205B121D16BEFE00887971 /* Release */,
			);
			defaultConfigurationIsVisible = 0;
			defaultConfigurationName = Release;
		};
		1A205B131D16BEFE00887971 /* Build configuration list for PBXNativeTarget "WorldWeather" */ = {
			isa = XCConfigurationList;
			buildConfigurations = (
				1A205B141D16BEFE00887971 /* Debug */,
				1A205B151D16BEFE00887971 /* Release */,
			);
			defaultConfigurationIsVisible = 0;
			defaultConfigurationName = Release;
		};
/* End XCConfigurationList section */
	};
	rootObject = 1A205AF71D16BEFD00887971 /* Project object */;
}
